<?xml version="1.0" encoding="utf-8"?>
<Project ToolsVersion="4.0" xmlns="http://schemas.microsoft.com/developer/msbuild/2003">
  <ItemGroup>
    <Filter Include="Header Files">
      <UniqueIdentifier>{93995380-89BD-4b04-88EB-625FBE52EBFB}</UniqueIdentifier>
      <Extensions>h;hh;hpp;hxx;hm;inl;inc;xsd</Extensions>
    </Filter>
    <Filter Include="Resource Files">
      <UniqueIdentifier>{67DA6AB6-F800-4c08-8B7A-83BB121AAD01}</UniqueIdentifier>
      <Extensions>qrc;rc;ico;cur;bmp;dlg;rc2;rct;bin;rgs;gif;jpg;jpeg;jpe;resx;tiff;tif;png;wav;mfcribbon-ms</Extensions>
    </Filter>
    <Filter Include="Form Files">
      <UniqueIdentifier>{99349809-55BA-4b9d-BF79-8FDBB0286EB3}</UniqueIdentifier>
      <Extensions>ui</Extensions>
    </Filter>
    <Filter Include="Translation Files">
      <UniqueIdentifier>{639EADAA-A684-42e4-A9AD-28FC9BCB8F7C}</UniqueIdentifier>
      <Extensions>ts</Extensions>
    </Filter>
    <Filter Include="Source Files">
      <UniqueIdentifier>{24b60e93-1a04-442a-85c2-d42cb7abacb3}</UniqueIdentifier>
    </Filter>
    <Filter Include="archiver">
      <UniqueIdentifier>{9fd585b7-7187-49e4-8ada-1f91431757c2}</UniqueIdentifier>
    </Filter>
    <Filter Include="archiver\MimeHandler">
      <UniqueIdentifier>{f7bd3e4f-ae10-482e-b333-c01e8d0a62d3}</UniqueIdentifier>
    </Filter>
    <Filter Include="archiver\pkgconfig">
      <UniqueIdentifier>{6704ac35-dedb-4cc7-89d0-00d565852a67}</UniqueIdentifier>
    </Filter>
    <Filter Include="archiver\StandardPaths">
      <UniqueIdentifier>{ccabd8ee-db47-4eb5-baff-4936d99cc823}</UniqueIdentifier>
    </Filter>
  </ItemGroup>
  <ItemGroup>
    <QtRcc Include="OfflineFileManager.qrc">
      <Filter>Resource Files</Filter>
    </QtRcc>
    <QtUic Include="OfflineFileManager.ui">
      <Filter>Form Files</Filter>
    </QtUic>
    <QtMoc Include="OfflineFileManager.h">
      <Filter>Header Files</Filter>
    </QtMoc>
  </ItemGroup>
  <ItemGroup>
    <ClInclude Include="system_depend_functions.h">
      <Filter>Header Files</Filter>
    </ClInclude>
    <ClInclude Include="BasicTraits.h">
      <Filter>Header Files</Filter>
    </ClInclude>
    <ClInclude Include="ModelSerializer.h">
      <Filter>Header Files</Filter>
    </ClInclude>
    <ClInclude Include="archiver\Global.hpp">
      <Filter>archiver</Filter>
    </ClInclude>
    <ClInclude Include="archiver\LibBZip2.hpp">
      <Filter>archiver</Filter>
    </ClInclude>
    <ClInclude Include="archiver\LibGZip.hpp">
      <Filter>archiver</Filter>
    </ClInclude>
    <ClInclude Include="archiver\LibLZip.hpp">
      <Filter>archiver</Filter>
    </ClInclude>
    <ClInclude Include="archiver\LibLzma.hpp">
      <Filter>archiver</Filter>
    </ClInclude>
    <ClInclude Include="archiver\LibLzma2.hpp">
      <Filter>archiver</Filter>
    </ClInclude>
    <ClInclude Include="archiver\lz4dec.h">
      <Filter>archiver</Filter>
    </ClInclude>
    <ClInclude Include="archiver\MimeHandler\NBMimeDatabase.hpp">
      <Filter>archiver\MimeHandler</Filter>
    </ClInclude>
    <ClInclude Include="archiver\MimeHandler\NBMimeDatabase_p.hpp">
      <Filter>archiver\MimeHandler</Filter>
    </ClInclude>
    <ClInclude Include="archiver\MimeHandler\NBMimeGlobPattern_p.hpp">
      <Filter>archiver\MimeHandler</Filter>
    </ClInclude>
    <ClInclude Include="archiver\MimeHandler\NBMimeMagicRule_p.hpp">
      <Filter>archiver\MimeHandler</Filter>
    </ClInclude>
    <ClInclude Include="archiver\MimeHandler\NBMimeMagicRuleMatcher_p.hpp">
      <Filter>archiver\MimeHandler</Filter>
    </ClInclude>
    <ClInclude Include="archiver\MimeHandler\NBMimeProvider_p.hpp">
      <Filter>archiver\MimeHandler</Filter>
    </ClInclude>
    <ClInclude Include="archiver\MimeHandler\NBMimeType.hpp">
      <Filter>archiver\MimeHandler</Filter>
    </ClInclude>
    <ClInclude Include="archiver\MimeHandler\NBMimeType_p.hpp">
      <Filter>archiver\MimeHandler</Filter>
    </ClInclude>
    <ClInclude Include="archiver\MimeHandler\NBMimeTypeParser_p.hpp">
      <Filter>archiver\MimeHandler</Filter>
    </ClInclude>
    <ClInclude Include="archiver\StandardPaths\NBStandardPaths.hpp">
      <Filter>archiver\StandardPaths</Filter>
    </ClInclude>
  </ItemGroup>
  <ItemGroup>
    <QtMoc Include="QFileInfoModel.h">
      <Filter>Header Files</Filter>
    </QtMoc>
    <QtMoc Include="PropertiesWindow.h">
      <Filter>Header Files</Filter>
    </QtMoc>
    <QtMoc Include="AddDataToFolder.h">
      <Filter>Header Files</Filter>
    </QtMoc>
    <QtMoc Include="SearchWindow.h">
      <Filter>Header Files</Filter>
    </QtMoc>
    <QtMoc Include="Searcher.h">
      <Filter>Header Files</Filter>
    </QtMoc>
    <QtMoc Include="PropertiesLogic.h">
      <Filter>Header Files</Filter>
    </QtMoc>
    <QtMoc Include="GoogleGateway.h">
      <Filter>Header Files</Filter>
    </QtMoc>
    <QtMoc Include="Robocopy.h">
      <Filter>Header Files</Filter>
    </QtMoc>
    <QtMoc Include="MyExplorer.h">
      <Filter>Header Files</Filter>
    </QtMoc>
    <QtMoc Include="archiver\libarchiveqt.h">
      <Filter>archiver</Filter>
    </QtMoc>
  </ItemGroup>
  <ItemGroup>
    <QtUic Include="AddDataToFolder.ui">
      <Filter>Form Files</Filter>
    </QtUic>
    <QtUic Include="SearchWindow.ui">
      <Filter>Form Files</Filter>
    </QtUic>
    <QtUic Include="Robocopy.ui">
      <Filter>Form Files</Filter>
    </QtUic>
  </ItemGroup>
  <ItemGroup>
    <ClCompile Include="AddDataToFolder.cpp">
      <Filter>Source Files</Filter>
    </ClCompile>
    <ClCompile Include="OfflineFileManager.cpp">
      <Filter>Source Files</Filter>
    </ClCompile>
    <ClCompile Include="PropertiesLogic.cpp">
      <Filter>Source Files</Filter>
    </ClCompile>
    <ClCompile Include="PropertiesWindow.cpp">
      <Filter>Source Files</Filter>
    </ClCompile>
    <ClCompile Include="QFileInfoModel.cpp">
      <Filter>Source Files</Filter>
    </ClCompile>
    <ClCompile Include="main.cpp">
      <Filter>Source Files</Filter>
    </ClCompile>
    <ClCompile Include="Searcher.cpp">
      <Filter>Source Files</Filter>
    </ClCompile>
    <ClCompile Include="SearchWindow.cpp">
      <Filter>Source Files</Filter>
    </ClCompile>
    <ClCompile Include="GoogleGateway.cpp">
      <Filter>Source Files</Filter>
    </ClCompile>
    <ClCompile Include="Robocopy.cpp">
      <Filter>Source Files</Filter>
    </ClCompile>
    <ClCompile Include="MyExplorer.cpp">
      <Filter>Source Files</Filter>
    </ClCompile>
    <ClCompile Include="Archiver.cpp" />
    <ClCompile Include="archiver\LibArchive.cpp">
      <Filter>archiver</Filter>
    </ClCompile>
    <ClCompile Include="archiver\LibBZip2.cpp">
      <Filter>archiver</Filter>
    </ClCompile>
    <ClCompile Include="archiver\LibGZip.cpp">
      <Filter>archiver</Filter>
    </ClCompile>
    <ClCompile Include="archiver\LibLZip.cpp">
      <Filter>archiver</Filter>
    </ClCompile>
    <ClCompile Include="archiver\LibLzma.cpp">
      <Filter>archiver</Filter>
    </ClCompile>
    <ClCompile Include="archiver\LibLzma2.cpp">
      <Filter>archiver</Filter>
    </ClCompile>
    <ClCompile Include="archiver\lz4dec.c">
      <Filter>archiver</Filter>
    </ClCompile>
    <ClCompile Include="archiver\MimeHandler\NBMimeDatabase.cpp">
      <Filter>archiver\MimeHandler</Filter>
    </ClCompile>
    <ClCompile Include="archiver\MimeHandler\NBMimeGlobPattern.cpp">
      <Filter>archiver\MimeHandler</Filter>
    </ClCompile>
    <ClCompile Include="archiver\MimeHandler\NBMimeMagicRule.cpp">
      <Filter>archiver\MimeHandler</Filter>
    </ClCompile>
    <ClCompile Include="archiver\MimeHandler\NBMimeMagicRuleMatcher.cpp">
      <Filter>archiver\MimeHandler</Filter>
    </ClCompile>
    <ClCompile Include="archiver\MimeHandler\NBMimeProvider.cpp">
      <Filter>archiver\MimeHandler</Filter>
    </ClCompile>
    <ClCompile Include="archiver\MimeHandler\NBMimeType.cpp">
      <Filter>archiver\MimeHandler</Filter>
    </ClCompile>
    <ClCompile Include="archiver\MimeHandler\NBMimeTypeParser.cpp">
      <Filter>archiver\MimeHandler</Filter>
    </ClCompile>
    <ClCompile Include="archiver\StandardPaths\NBStandardPaths.cpp">
      <Filter>archiver\StandardPaths</Filter>
    </ClCompile>
    <ClCompile Include="archiver\StandardPaths\NBStandardPaths_unix.cpp">
      <Filter>archiver\StandardPaths</Filter>
    </ClCompile>
  </ItemGroup>
  <ItemGroup>
    <None Include="client.json" />
    <None Include="archiver\ChangeLog">
      <Filter>archiver</Filter>
    </None>
    <None Include="archiver\README">
      <Filter>archiver</Filter>
    </None>
    <None Include="archiver\shared.pro">
      <Filter>archiver</Filter>
    </None>
    <None Include="archiver\static.pro">
      <Filter>archiver</Filter>
    </None>
    <None Include="archiver\pkgconfig\archiveqt.pc">
      <Filter>archiver\pkgconfig</Filter>
    </None>
    <None Include="archiver\pkgconfig\archiveqt5.pc">
      <Filter>archiver\pkgconfig</Filter>
    </None>
  </ItemGroup>
</Project>