<?xml version="1.0" encoding="utf-8"?>
<Project ToolsVersion="4.0" xmlns="http://schemas.microsoft.com/developer/msbuild/2003">
  <ItemGroup>
    <Filter Include="Header Files">
      <UniqueIdentifier>{93995380-89BD-4b04-88EB-625FBE52EBFB}</UniqueIdentifier>
      <Extensions>h;hh;hpp;hxx;hm;inl;inc;xsd</Extensions>
    </Filter>
    <Filter Include="Resource Files">
      <UniqueIdentifier>{67DA6AB6-F800-4c08-8B7A-83BB121AAD01}</UniqueIdentifier>
      <Extensions>qrc;rc;ico;cur;bmp;dlg;rc2;rct;bin;rgs;gif;jpg;jpeg;jpe;resx;tiff;tif;png;wav;mfcribbon-ms</Extensions>
    </Filter>
    <Filter Include="Form Files">
      <UniqueIdentifier>{99349809-55BA-4b9d-BF79-8FDBB0286EB3}</UniqueIdentifier>
      <Extensions>ui</Extensions>
    </Filter>
    <Filter Include="Translation Files">
      <UniqueIdentifier>{639EADAA-A684-42e4-A9AD-28FC9BCB8F7C}</UniqueIdentifier>
      <Extensions>ts</Extensions>
    </Filter>
    <Filter Include="Source Files">
      <UniqueIdentifier>{24b60e93-1a04-442a-85c2-d42cb7abacb3}</UniqueIdentifier>
    </Filter>
    <Filter Include="Unit Tests">
      <UniqueIdentifier>{7a49bebe-ac59-4230-8641-64f7e0426e3b}</UniqueIdentifier>
    </Filter>
  </ItemGroup>
  <ItemGroup>
    <QtRcc Include="OfflineFileManager.qrc">
      <Filter>Resource Files</Filter>
    </QtRcc>
    <QtUic Include="OfflineFileManager.ui">
      <Filter>Form Files</Filter>
    </QtUic>
    <QtMoc Include="OfflineFileManager.h">
      <Filter>Header Files</Filter>
    </QtMoc>
  </ItemGroup>
  <ItemGroup>
    <ClInclude Include="system_depend_functions.h">
      <Filter>Header Files</Filter>
    </ClInclude>
    <ClInclude Include="BasicTraits.h">
      <Filter>Header Files</Filter>
    </ClInclude>
    <ClInclude Include="ModelSerializer.h">
      <Filter>Header Files</Filter>
    </ClInclude>
  </ItemGroup>
  <ItemGroup>
    <QtMoc Include="QFileInfoModel.h">
      <Filter>Header Files</Filter>
    </QtMoc>
    <QtMoc Include="PropertiesWindow.h">
      <Filter>Header Files</Filter>
    </QtMoc>
    <QtMoc Include="AddDataToFolder.h">
      <Filter>Header Files</Filter>
    </QtMoc>
    <QtMoc Include="SearchWindow.h">
      <Filter>Header Files</Filter>
    </QtMoc>
    <QtMoc Include="Searcher.h">
      <Filter>Header Files</Filter>
    </QtMoc>
    <QtMoc Include="PropertiesLogic.h">
      <Filter>Header Files</Filter>
    </QtMoc>
    <QtMoc Include="GoogleGateway.h">
      <Filter>Header Files</Filter>
    </QtMoc>
    <QtMoc Include="Robocopy.h">
      <Filter>Header Files</Filter>
    </QtMoc>
    <QtMoc Include="MyExplorer.h">
      <Filter>Header Files</Filter>
    </QtMoc>
    <QtMoc Include="ModelSerializer_test.h">
      <Filter>Unit Tests</Filter>
    </QtMoc>
    <QtMoc Include="QFileInfoModel_test.h">
      <Filter>Unit Tests</Filter>
    </QtMoc>
  </ItemGroup>
  <ItemGroup>
    <QtUic Include="AddDataToFolder.ui">
      <Filter>Form Files</Filter>
    </QtUic>
    <QtUic Include="SearchWindow.ui">
      <Filter>Form Files</Filter>
    </QtUic>
    <QtUic Include="Robocopy.ui">
      <Filter>Form Files</Filter>
    </QtUic>
  </ItemGroup>
  <ItemGroup>
    <ClCompile Include="AddDataToFolder.cpp">
      <Filter>Source Files</Filter>
    </ClCompile>
    <ClCompile Include="OfflineFileManager.cpp">
      <Filter>Source Files</Filter>
    </ClCompile>
    <ClCompile Include="PropertiesLogic.cpp">
      <Filter>Source Files</Filter>
    </ClCompile>
    <ClCompile Include="PropertiesWindow.cpp">
      <Filter>Source Files</Filter>
    </ClCompile>
    <ClCompile Include="QFileInfoModel.cpp">
      <Filter>Source Files</Filter>
    </ClCompile>
    <ClCompile Include="main.cpp">
      <Filter>Source Files</Filter>
    </ClCompile>
    <ClCompile Include="Searcher.cpp">
      <Filter>Source Files</Filter>
    </ClCompile>
    <ClCompile Include="SearchWindow.cpp">
      <Filter>Source Files</Filter>
    </ClCompile>
    <ClCompile Include="GoogleGateway.cpp">
      <Filter>Source Files</Filter>
    </ClCompile>
    <ClCompile Include="Robocopy.cpp">
      <Filter>Source Files</Filter>
    </ClCompile>
    <ClCompile Include="MyExplorer.cpp">
      <Filter>Source Files</Filter>
    </ClCompile>
    <ClCompile Include="ModelSerializer_test.cpp">
      <Filter>Unit Tests</Filter>
    </ClCompile>
    <ClCompile Include="QFileInfoModel_test.cpp">
      <Filter>Unit Tests</Filter>
    </ClCompile>
  </ItemGroup>
  <ItemGroup>
    <None Include="client.json" />
  </ItemGroup>
  <ItemGroup>
    <Xsd Include="tests\test-response.json">
      <Filter>Unit Tests</Filter>
    </Xsd>
  </ItemGroup>
</Project>